github.com/caseymrm/askm v1.0.0 h1:Ff5QN5GwuyCzg63++hU1jV+1JVYHYd0sw6KUkVd2GiQ=
github.com/caseymrm/askm v1.0.0/go.mod h1:raj+vtH8SsGkuSg1/970qaONNyNlIb7zFv2LDVk6j+U=
github.com/oalders/menuet v1.0.4 h1:QrS9UMw1NfE5Ne0Z0SuwbgdA8Eme1Gzb9cpitk1Aabs=
github.com/oalders/menuet v1.0.4/go.mod h1:DwLuy/IkYIBVUMC7K2iZwLHaCdNBM4lkhZvy8fdiETE=
